
Microsoft Visual Studio Solution File, Format Version 12.00
# Visual Studio Version 17
VisualStudioVersion = 17.3.32901.215
MinimumVisualStudioVersion = 10.0.40219.1
Project("{9A19103F-16F7-4668-BE54-9A1E7A4F7556}") = "001EFCoreBasic", "001EFCoreBasic\001EFCoreBasic.csproj", "{5415152D-DC21-484E-B74C-D6E772E52408}"
EndProject
Project("{2150E333-8FDC-42A3-9474-1A3956D46DE8}") = "002EntityModeling", "002EntityModeling", "{74AFF487-6D17-493C-88B7-CB38A6108ECB}"
EndProject
Project("{9A19103F-16F7-4668-BE54-9A1E7A4F7556}") = "EFCoreBasic001Conventions", "EFCoreBasic001Conventions\EFCoreBasic001Conventions.csproj", "{8B7790DC-9475-4106-A042-5FFE272F5BE2}"
EndProject
Project("{9A19103F-16F7-4668-BE54-9A1E7A4F7556}") = "EfCoreBasic002DataAnotations", "EfCoreBasic002DataAnotations\EfCoreBasic002DataAnotations.csproj", "{B2E5BABC-D08B-4EE7-96A0-30C9790573C1}"
EndProject
Project("{9A19103F-16F7-4668-BE54-9A1E7A4F7556}") = "EfCoreBasic003FluentApi", "EfCoreBasic003FluentApi\EfCoreBasic003FluentApi.csproj", "{1222EA8C-DC3B-445D-8B06-F6ADDE46756E}"
EndProject
Project("{9A19103F-16F7-4668-BE54-9A1E7A4F7556}") = "EFCoreBasic004FluentApiIEntityTypeConfiguration", "EFCoreBasic004FluentApiIEntityTypeConfiguration\EFCoreBasic004FluentApiIEntityTypeConfiguration.csproj", "{886983EB-9F83-44FF-A694-E95F09C92AF5}"
EndProject
Project("{9A19103F-16F7-4668-BE54-9A1E7A4F7556}") = "EFCoreBasic005TableSeparateOneTblTwoModel", "EFCoreBasic005TableSeparateOneTblTwoModel\EFCoreBasic005TableSeparateOneTblTwoModel.csproj", "{1877302B-9673-47F9-B93D-A27B91AC007A}"
EndProject
Project("{9A19103F-16F7-4668-BE54-9A1E7A4F7556}") = "EFCoreBasic006CustomEntityTypes", "EFCoreBasic006CustomEntityTypes\EFCoreBasic006CustomEntityTypes.csproj", "{61F44F2B-8150-484C-89C0-63FAC4A69EA1}"
EndProject
Project("{9A19103F-16F7-4668-BE54-9A1E7A4F7556}") = "EfCoreBasic007EntitiesWithoutKey", "EfCoreBasic007EntitiesWithoutKey\EfCoreBasic007EntitiesWithoutKey.csproj", "{A9A8643E-5340-4DE8-825C-97A640C4C82A}"
EndProject
Project("{9A19103F-16F7-4668-BE54-9A1E7A4F7556}") = "EfCoreBasic008OneToOne", "EfCoreBasic008OneToOne\EfCoreBasic008OneToOne.csproj", "{ABC4120B-A30E-4734-9D90-B93115153975}"
EndProject
Project("{9A19103F-16F7-4668-BE54-9A1E7A4F7556}") = "EFCoreBasic009OneToMany", "EFCoreBasic009OneToMany\EFCoreBasic009OneToMany.csproj", "{A9219609-CE71-49BA-87A6-118009AD7FB9}"
EndProject
Project("{9A19103F-16F7-4668-BE54-9A1E7A4F7556}") = "EfCoreBasic010ManyToMany", "EfCoreBasic010ManyToMany\EfCoreBasic010ManyToMany.csproj", "{E5BAE2C3-9511-42D2-B29F-76531D8F0BBB}"
EndProject
Project("{9A19103F-16F7-4668-BE54-9A1E7A4F7556}") = "EFCoreBasic011ManyToManyWithMany", "EFCoreBasic011ManyToManyWithMany\EFCoreBasic011ManyToManyWithMany.csproj", "{C8133B67-DBDD-4813-AE09-522D5CF39A96}"
EndProject
Project("{2150E333-8FDC-42A3-9474-1A3956D46DE8}") = "003ReadOperations", "003ReadOperations", "{87E682B6-7A13-4CFC-A979-952F8535E5E2}"
EndProject
Project("{9A19103F-16F7-4668-BE54-9A1E7A4F7556}") = "EFCoreBasic012SimpleRead", "EFCoreBasic012SimpleRead\EFCoreBasic012SimpleRead.csproj", "{87377863-F690-470E-9491-ED64EF2446EC}"
EndProject
Project("{9A19103F-16F7-4668-BE54-9A1E7A4F7556}") = "EFCoreBasic013FirstOrDefaultExample", "EFCoreBasic013FirstOrDefaultExample\EFCoreBasic013FirstOrDefaultExample.csproj", "{787856BA-EF59-45BB-84ED-48019F87A2FF}"
EndProject
Project("{9A19103F-16F7-4668-BE54-9A1E7A4F7556}") = "EFCoreBasic014InnerJoin", "EFCoreBasic014InnerJoin\EFCoreBasic014InnerJoin.csproj", "{C7C39729-2230-4616-9AF1-927F861BCAA5}"
EndProject
Project("{9A19103F-16F7-4668-BE54-9A1E7A4F7556}") = "EFCoreBasic015FullJoin", "EFCoreBasic015FullJoin\EFCoreBasic015FullJoin.csproj", "{918E491B-B17E-4013-9510-5AA8B7A2AC69}"
EndProject
Project("{9A19103F-16F7-4668-BE54-9A1E7A4F7556}") = "EFCoreBasic016LeftJoin", "EFCoreBasic016LeftJoin\EFCoreBasic016LeftJoin.csproj", "{73CECD81-2BDC-40FC-B4C9-C7F4F6D2D9FE}"
EndProject
Project("{9A19103F-16F7-4668-BE54-9A1E7A4F7556}") = "EFCoreBasic017SelectManyAsInnerJoin", "EFCoreBasic017SelectManyAsInnerJoin\EFCoreBasic017SelectManyAsInnerJoin.csproj", "{DDB126A0-3DFF-4A27-8593-043A0ACC1A35}"
EndProject
Project("{9A19103F-16F7-4668-BE54-9A1E7A4F7556}") = "EFCoreBasic018SelectManyAsFullJoin", "EFCoreBasic018SelectManyAsFullJoin\EFCoreBasic018SelectManyAsFullJoin.csproj", "{28F8C49C-21C6-443F-96C6-62DEB8ADA7B6}"
EndProject
Project("{9A19103F-16F7-4668-BE54-9A1E7A4F7556}") = "EFCoreBasic019SelectManyAASLeftJoin", "EFCoreBasic019SelectManyAASLeftJoin\EFCoreBasic019SelectManyAASLeftJoin.csproj", "{66380948-75E3-4E13-A5DD-7EED8B9E6FA9}"
EndProject
Project("{9A19103F-16F7-4668-BE54-9A1E7A4F7556}") = "EfCoreBasic020GroupBy", "EfCoreBasic020GroupBy\EfCoreBasic020GroupBy.csproj", "{181E040A-2270-4CFA-9E47-63D40278AA07}"
EndProject
Project("{2150E333-8FDC-42A3-9474-1A3956D46DE8}") = "004LoadRelatedEntities", "004LoadRelatedEntities", "{7741D8BF-8DAC-4C02-BFC2-5833402B4F56}"
EndProject
Project("{9A19103F-16F7-4668-BE54-9A1E7A4F7556}") = "EFCoreBasic021EagerLoading", "EFCoreBasic021EagerLoading\EFCoreBasic021EagerLoading.csproj", "{1CB1E256-18C7-4B37-BADA-F1A53EC3E090}"
EndProject
Project("{9A19103F-16F7-4668-BE54-9A1E7A4F7556}") = "EFCoreBasic022EagerLoadingWithFiltering", "EFCoreBasic022EagerLoadingWithFiltering\EFCoreBasic022EagerLoadingWithFiltering.csproj", "{5C06ACE3-5A14-41F5-839E-EA9A57F80055}"
EndProject
Project("{2150E333-8FDC-42A3-9474-1A3956D46DE8}") = "005CreateUpdateDeleteOperations", "005CreateUpdateDeleteOperations", "{5FA85B01-910E-4508-BB37-08C22ED950A6}"
EndProject
Project("{9A19103F-16F7-4668-BE54-9A1E7A4F7556}") = "EfCoreBasic023SimpleCreate", "EfCoreBasic023SimpleCreate\EfCoreBasic023SimpleCreate.csproj", "{49C03ADD-5DC8-4327-94C7-BEC01440464B}"
EndProject
Project("{9A19103F-16F7-4668-BE54-9A1E7A4F7556}") = "EFCoreBasic024GraphCreate", "EFCoreBasic024GraphCreate\EFCoreBasic024GraphCreate.csproj", "{D59E0FA2-E005-4DDF-9E4C-DBD46D08A2A3}"
EndProject
Project("{9A19103F-16F7-4668-BE54-9A1E7A4F7556}") = "EFCoreBasic025CreateReleatedEntity", "EFCoreBasic025CreateReleatedEntity\EFCoreBasic025CreateReleatedEntity.csproj", "{DF1E12A4-0D16-47F1-A9FF-5FBF82439886}"
EndProject
Project("{9A19103F-16F7-4668-BE54-9A1E7A4F7556}") = "EFCoreBasic026UptadeEntityInContext", "EFCoreBasic026UptadeEntityInContext\EFCoreBasic026UptadeEntityInContext.csproj", "{AF42F635-27FC-47AE-BFFE-DF39D708CA40}"
EndProject
Project("{9A19103F-16F7-4668-BE54-9A1E7A4F7556}") = "EFCoreBasic027UpdateReleatedEntity", "EFCoreBasic027UpdateReleatedEntity\EFCoreBasic027UpdateReleatedEntity.csproj", "{F95E1151-0FF8-483F-8382-AAD2EF79181D}"
EndProject
Project("{9A19103F-16F7-4668-BE54-9A1E7A4F7556}") = "EFCoreBasic028UpdateOutOfContext", "EFCoreBasic028UpdateOutOfContext\EFCoreBasic028UpdateOutOfContext.csproj", "{8F0A984A-08CB-4864-895C-C19EA7D91DEA}"
EndProject
Project("{9A19103F-16F7-4668-BE54-9A1E7A4F7556}") = "EFCoreBasic029FullUpdateOutOfContext", "EFCoreBasic029FullUpdateOutOfContext\EFCoreBasic029FullUpdateOutOfContext.csproj", "{0073FFFF-37C1-4D67-BE3A-F86844741820}"
EndProject
Project("{9A19103F-16F7-4668-BE54-9A1E7A4F7556}") = "EFCoreBasic030CascadeDelete", "EFCoreBasic030CascadeDelete\EFCoreBasic030CascadeDelete.csproj", "{2CDDDB28-F5F2-4107-9A81-293046112E24}"
EndProject
Project("{2150E333-8FDC-42A3-9474-1A3956D46DE8}") = "006ChangeTracking", "006ChangeTracking", "{86211FAA-263C-417D-8744-1734565F1C4C}"
EndProject
Project("{9A19103F-16F7-4668-BE54-9A1E7A4F7556}") = "EFCoreBasic031SimpleReadAsNoTracking", "EFCoreBasic031SimpleReadAsNoTracking\EFCoreBasic031SimpleReadAsNoTracking.csproj", "{BFDFBF17-CA09-4169-B28C-ED9207EEC56A}"
EndProject
Project("{FAE04EC0-301F-11D3-BF4B-00C04F79EFBC}") = "EFCoreBasic032SimpleReadAsNoTracking", "EFCoreBasic032SimpleReadAsNoTracking\EFCoreBasic032SimpleReadAsNoTracking.csproj", "{164B6136-12AF-4791-8929-89B24512A935}"
EndProject
Project("{FAE04EC0-301F-11D3-BF4B-00C04F79EFBC}") = "EFCoreBasic033SimpleCreate", "EFCoreBasic033SimpleCreate\EFCoreBasic033SimpleCreate.csproj", "{F5487301-E4FC-4D16-B1FE-D79AEDE3BFBB}"
EndProject
Global
	GlobalSection(SolutionConfigurationPlatforms) = preSolution
		Debug|Any CPU = Debug|Any CPU
		Release|Any CPU = Release|Any CPU
	EndGlobalSection
	GlobalSection(ProjectConfigurationPlatforms) = postSolution
		{5415152D-DC21-484E-B74C-D6E772E52408}.Debug|Any CPU.ActiveCfg = Debug|Any CPU
		{5415152D-DC21-484E-B74C-D6E772E52408}.Debug|Any CPU.Build.0 = Debug|Any CPU
		{5415152D-DC21-484E-B74C-D6E772E52408}.Release|Any CPU.ActiveCfg = Release|Any CPU
		{5415152D-DC21-484E-B74C-D6E772E52408}.Release|Any CPU.Build.0 = Release|Any CPU
		{8B7790DC-9475-4106-A042-5FFE272F5BE2}.Debug|Any CPU.ActiveCfg = Debug|Any CPU
		{8B7790DC-9475-4106-A042-5FFE272F5BE2}.Debug|Any CPU.Build.0 = Debug|Any CPU
		{8B7790DC-9475-4106-A042-5FFE272F5BE2}.Release|Any CPU.ActiveCfg = Release|Any CPU
		{8B7790DC-9475-4106-A042-5FFE272F5BE2}.Release|Any CPU.Build.0 = Release|Any CPU
		{B2E5BABC-D08B-4EE7-96A0-30C9790573C1}.Debug|Any CPU.ActiveCfg = Debug|Any CPU
		{B2E5BABC-D08B-4EE7-96A0-30C9790573C1}.Debug|Any CPU.Build.0 = Debug|Any CPU
		{B2E5BABC-D08B-4EE7-96A0-30C9790573C1}.Release|Any CPU.ActiveCfg = Release|Any CPU
		{B2E5BABC-D08B-4EE7-96A0-30C9790573C1}.Release|Any CPU.Build.0 = Release|Any CPU
		{1222EA8C-DC3B-445D-8B06-F6ADDE46756E}.Debug|Any CPU.ActiveCfg = Debug|Any CPU
		{1222EA8C-DC3B-445D-8B06-F6ADDE46756E}.Debug|Any CPU.Build.0 = Debug|Any CPU
		{1222EA8C-DC3B-445D-8B06-F6ADDE46756E}.Release|Any CPU.ActiveCfg = Release|Any CPU
		{1222EA8C-DC3B-445D-8B06-F6ADDE46756E}.Release|Any CPU.Build.0 = Release|Any CPU
		{886983EB-9F83-44FF-A694-E95F09C92AF5}.Debug|Any CPU.ActiveCfg = Debug|Any CPU
		{886983EB-9F83-44FF-A694-E95F09C92AF5}.Debug|Any CPU.Build.0 = Debug|Any CPU
		{886983EB-9F83-44FF-A694-E95F09C92AF5}.Release|Any CPU.ActiveCfg = Release|Any CPU
		{886983EB-9F83-44FF-A694-E95F09C92AF5}.Release|Any CPU.Build.0 = Release|Any CPU
		{1877302B-9673-47F9-B93D-A27B91AC007A}.Debug|Any CPU.ActiveCfg = Debug|Any CPU
		{1877302B-9673-47F9-B93D-A27B91AC007A}.Debug|Any CPU.Build.0 = Debug|Any CPU
		{1877302B-9673-47F9-B93D-A27B91AC007A}.Release|Any CPU.ActiveCfg = Release|Any CPU
		{1877302B-9673-47F9-B93D-A27B91AC007A}.Release|Any CPU.Build.0 = Release|Any CPU
		{61F44F2B-8150-484C-89C0-63FAC4A69EA1}.Debug|Any CPU.ActiveCfg = Debug|Any CPU
		{61F44F2B-8150-484C-89C0-63FAC4A69EA1}.Debug|Any CPU.Build.0 = Debug|Any CPU
		{61F44F2B-8150-484C-89C0-63FAC4A69EA1}.Release|Any CPU.ActiveCfg = Release|Any CPU
		{61F44F2B-8150-484C-89C0-63FAC4A69EA1}.Release|Any CPU.Build.0 = Release|Any CPU
		{A9A8643E-5340-4DE8-825C-97A640C4C82A}.Debug|Any CPU.ActiveCfg = Debug|Any CPU
		{A9A8643E-5340-4DE8-825C-97A640C4C82A}.Debug|Any CPU.Build.0 = Debug|Any CPU
		{A9A8643E-5340-4DE8-825C-97A640C4C82A}.Release|Any CPU.ActiveCfg = Release|Any CPU
		{A9A8643E-5340-4DE8-825C-97A640C4C82A}.Release|Any CPU.Build.0 = Release|Any CPU
		{ABC4120B-A30E-4734-9D90-B93115153975}.Debug|Any CPU.ActiveCfg = Debug|Any CPU
		{ABC4120B-A30E-4734-9D90-B93115153975}.Debug|Any CPU.Build.0 = Debug|Any CPU
		{ABC4120B-A30E-4734-9D90-B93115153975}.Release|Any CPU.ActiveCfg = Release|Any CPU
		{ABC4120B-A30E-4734-9D90-B93115153975}.Release|Any CPU.Build.0 = Release|Any CPU
		{A9219609-CE71-49BA-87A6-118009AD7FB9}.Debug|Any CPU.ActiveCfg = Debug|Any CPU
		{A9219609-CE71-49BA-87A6-118009AD7FB9}.Debug|Any CPU.Build.0 = Debug|Any CPU
		{A9219609-CE71-49BA-87A6-118009AD7FB9}.Release|Any CPU.ActiveCfg = Release|Any CPU
		{A9219609-CE71-49BA-87A6-118009AD7FB9}.Release|Any CPU.Build.0 = Release|Any CPU
		{E5BAE2C3-9511-42D2-B29F-76531D8F0BBB}.Debug|Any CPU.ActiveCfg = Debug|Any CPU
		{E5BAE2C3-9511-42D2-B29F-76531D8F0BBB}.Debug|Any CPU.Build.0 = Debug|Any CPU
		{E5BAE2C3-9511-42D2-B29F-76531D8F0BBB}.Release|Any CPU.ActiveCfg = Release|Any CPU
		{E5BAE2C3-9511-42D2-B29F-76531D8F0BBB}.Release|Any CPU.Build.0 = Release|Any CPU
		{C8133B67-DBDD-4813-AE09-522D5CF39A96}.Debug|Any CPU.ActiveCfg = Debug|Any CPU
		{C8133B67-DBDD-4813-AE09-522D5CF39A96}.Debug|Any CPU.Build.0 = Debug|Any CPU
		{C8133B67-DBDD-4813-AE09-522D5CF39A96}.Release|Any CPU.ActiveCfg = Release|Any CPU
		{C8133B67-DBDD-4813-AE09-522D5CF39A96}.Release|Any CPU.Build.0 = Release|Any CPU
		{87377863-F690-470E-9491-ED64EF2446EC}.Debug|Any CPU.ActiveCfg = Debug|Any CPU
		{87377863-F690-470E-9491-ED64EF2446EC}.Debug|Any CPU.Build.0 = Debug|Any CPU
		{87377863-F690-470E-9491-ED64EF2446EC}.Release|Any CPU.ActiveCfg = Release|Any CPU
		{87377863-F690-470E-9491-ED64EF2446EC}.Release|Any CPU.Build.0 = Release|Any CPU
		{787856BA-EF59-45BB-84ED-48019F87A2FF}.Debug|Any CPU.ActiveCfg = Debug|Any CPU
		{787856BA-EF59-45BB-84ED-48019F87A2FF}.Debug|Any CPU.Build.0 = Debug|Any CPU
		{787856BA-EF59-45BB-84ED-48019F87A2FF}.Release|Any CPU.ActiveCfg = Release|Any CPU
		{787856BA-EF59-45BB-84ED-48019F87A2FF}.Release|Any CPU.Build.0 = Release|Any CPU
		{C7C39729-2230-4616-9AF1-927F861BCAA5}.Debug|Any CPU.ActiveCfg = Debug|Any CPU
		{C7C39729-2230-4616-9AF1-927F861BCAA5}.Debug|Any CPU.Build.0 = Debug|Any CPU
		{C7C39729-2230-4616-9AF1-927F861BCAA5}.Release|Any CPU.ActiveCfg = Release|Any CPU
		{C7C39729-2230-4616-9AF1-927F861BCAA5}.Release|Any CPU.Build.0 = Release|Any CPU
		{918E491B-B17E-4013-9510-5AA8B7A2AC69}.Debug|Any CPU.ActiveCfg = Debug|Any CPU
		{918E491B-B17E-4013-9510-5AA8B7A2AC69}.Debug|Any CPU.Build.0 = Debug|Any CPU
		{918E491B-B17E-4013-9510-5AA8B7A2AC69}.Release|Any CPU.ActiveCfg = Release|Any CPU
		{918E491B-B17E-4013-9510-5AA8B7A2AC69}.Release|Any CPU.Build.0 = Release|Any CPU
		{73CECD81-2BDC-40FC-B4C9-C7F4F6D2D9FE}.Debug|Any CPU.ActiveCfg = Debug|Any CPU
		{73CECD81-2BDC-40FC-B4C9-C7F4F6D2D9FE}.Debug|Any CPU.Build.0 = Debug|Any CPU
		{73CECD81-2BDC-40FC-B4C9-C7F4F6D2D9FE}.Release|Any CPU.ActiveCfg = Release|Any CPU
		{73CECD81-2BDC-40FC-B4C9-C7F4F6D2D9FE}.Release|Any CPU.Build.0 = Release|Any CPU
		{DDB126A0-3DFF-4A27-8593-043A0ACC1A35}.Debug|Any CPU.ActiveCfg = Debug|Any CPU
		{DDB126A0-3DFF-4A27-8593-043A0ACC1A35}.Debug|Any CPU.Build.0 = Debug|Any CPU
		{DDB126A0-3DFF-4A27-8593-043A0ACC1A35}.Release|Any CPU.ActiveCfg = Release|Any CPU
		{DDB126A0-3DFF-4A27-8593-043A0ACC1A35}.Release|Any CPU.Build.0 = Release|Any CPU
		{28F8C49C-21C6-443F-96C6-62DEB8ADA7B6}.Debug|Any CPU.ActiveCfg = Debug|Any CPU
		{28F8C49C-21C6-443F-96C6-62DEB8ADA7B6}.Debug|Any CPU.Build.0 = Debug|Any CPU
		{28F8C49C-21C6-443F-96C6-62DEB8ADA7B6}.Release|Any CPU.ActiveCfg = Release|Any CPU
		{28F8C49C-21C6-443F-96C6-62DEB8ADA7B6}.Release|Any CPU.Build.0 = Release|Any CPU
		{66380948-75E3-4E13-A5DD-7EED8B9E6FA9}.Debug|Any CPU.ActiveCfg = Debug|Any CPU
		{66380948-75E3-4E13-A5DD-7EED8B9E6FA9}.Debug|Any CPU.Build.0 = Debug|Any CPU
		{66380948-75E3-4E13-A5DD-7EED8B9E6FA9}.Release|Any CPU.ActiveCfg = Release|Any CPU
		{66380948-75E3-4E13-A5DD-7EED8B9E6FA9}.Release|Any CPU.Build.0 = Release|Any CPU
		{181E040A-2270-4CFA-9E47-63D40278AA07}.Debug|Any CPU.ActiveCfg = Debug|Any CPU
		{181E040A-2270-4CFA-9E47-63D40278AA07}.Debug|Any CPU.Build.0 = Debug|Any CPU
		{181E040A-2270-4CFA-9E47-63D40278AA07}.Release|Any CPU.ActiveCfg = Release|Any CPU
		{181E040A-2270-4CFA-9E47-63D40278AA07}.Release|Any CPU.Build.0 = Release|Any CPU
		{1CB1E256-18C7-4B37-BADA-F1A53EC3E090}.Debug|Any CPU.ActiveCfg = Debug|Any CPU
		{1CB1E256-18C7-4B37-BADA-F1A53EC3E090}.Debug|Any CPU.Build.0 = Debug|Any CPU
		{1CB1E256-18C7-4B37-BADA-F1A53EC3E090}.Release|Any CPU.ActiveCfg = Release|Any CPU
		{1CB1E256-18C7-4B37-BADA-F1A53EC3E090}.Release|Any CPU.Build.0 = Release|Any CPU
		{5C06ACE3-5A14-41F5-839E-EA9A57F80055}.Debug|Any CPU.ActiveCfg = Debug|Any CPU
		{5C06ACE3-5A14-41F5-839E-EA9A57F80055}.Debug|Any CPU.Build.0 = Debug|Any CPU
		{5C06ACE3-5A14-41F5-839E-EA9A57F80055}.Release|Any CPU.ActiveCfg = Release|Any CPU
		{5C06ACE3-5A14-41F5-839E-EA9A57F80055}.Release|Any CPU.Build.0 = Release|Any CPU
		{49C03ADD-5DC8-4327-94C7-BEC01440464B}.Debug|Any CPU.ActiveCfg = Debug|Any CPU
		{49C03ADD-5DC8-4327-94C7-BEC01440464B}.Debug|Any CPU.Build.0 = Debug|Any CPU
		{49C03ADD-5DC8-4327-94C7-BEC01440464B}.Release|Any CPU.ActiveCfg = Release|Any CPU
		{49C03ADD-5DC8-4327-94C7-BEC01440464B}.Release|Any CPU.Build.0 = Release|Any CPU
		{D59E0FA2-E005-4DDF-9E4C-DBD46D08A2A3}.Debug|Any CPU.ActiveCfg = Debug|Any CPU
		{D59E0FA2-E005-4DDF-9E4C-DBD46D08A2A3}.Debug|Any CPU.Build.0 = Debug|Any CPU
		{D59E0FA2-E005-4DDF-9E4C-DBD46D08A2A3}.Release|Any CPU.ActiveCfg = Release|Any CPU
		{D59E0FA2-E005-4DDF-9E4C-DBD46D08A2A3}.Release|Any CPU.Build.0 = Release|Any CPU
		{DF1E12A4-0D16-47F1-A9FF-5FBF82439886}.Debug|Any CPU.ActiveCfg = Debug|Any CPU
		{DF1E12A4-0D16-47F1-A9FF-5FBF82439886}.Debug|Any CPU.Build.0 = Debug|Any CPU
		{DF1E12A4-0D16-47F1-A9FF-5FBF82439886}.Release|Any CPU.ActiveCfg = Release|Any CPU
		{DF1E12A4-0D16-47F1-A9FF-5FBF82439886}.Release|Any CPU.Build.0 = Release|Any CPU
		{AF42F635-27FC-47AE-BFFE-DF39D708CA40}.Debug|Any CPU.ActiveCfg = Debug|Any CPU
		{AF42F635-27FC-47AE-BFFE-DF39D708CA40}.Debug|Any CPU.Build.0 = Debug|Any CPU
		{AF42F635-27FC-47AE-BFFE-DF39D708CA40}.Release|Any CPU.ActiveCfg = Release|Any CPU
		{AF42F635-27FC-47AE-BFFE-DF39D708CA40}.Release|Any CPU.Build.0 = Release|Any CPU
		{F95E1151-0FF8-483F-8382-AAD2EF79181D}.Debug|Any CPU.ActiveCfg = Debug|Any CPU
		{F95E1151-0FF8-483F-8382-AAD2EF79181D}.Debug|Any CPU.Build.0 = Debug|Any CPU
		{F95E1151-0FF8-483F-8382-AAD2EF79181D}.Release|Any CPU.ActiveCfg = Release|Any CPU
		{F95E1151-0FF8-483F-8382-AAD2EF79181D}.Release|Any CPU.Build.0 = Release|Any CPU
		{8F0A984A-08CB-4864-895C-C19EA7D91DEA}.Debug|Any CPU.ActiveCfg = Debug|Any CPU
		{8F0A984A-08CB-4864-895C-C19EA7D91DEA}.Debug|Any CPU.Build.0 = Debug|Any CPU
		{8F0A984A-08CB-4864-895C-C19EA7D91DEA}.Release|Any CPU.ActiveCfg = Release|Any CPU
		{8F0A984A-08CB-4864-895C-C19EA7D91DEA}.Release|Any CPU.Build.0 = Release|Any CPU
		{0073FFFF-37C1-4D67-BE3A-F86844741820}.Debug|Any CPU.ActiveCfg = Debug|Any CPU
		{0073FFFF-37C1-4D67-BE3A-F86844741820}.Debug|Any CPU.Build.0 = Debug|Any CPU
		{0073FFFF-37C1-4D67-BE3A-F86844741820}.Release|Any CPU.ActiveCfg = Release|Any CPU
		{0073FFFF-37C1-4D67-BE3A-F86844741820}.Release|Any CPU.Build.0 = Release|Any CPU
		{2CDDDB28-F5F2-4107-9A81-293046112E24}.Debug|Any CPU.ActiveCfg = Debug|Any CPU
		{2CDDDB28-F5F2-4107-9A81-293046112E24}.Debug|Any CPU.Build.0 = Debug|Any CPU
		{2CDDDB28-F5F2-4107-9A81-293046112E24}.Release|Any CPU.ActiveCfg = Release|Any CPU
		{2CDDDB28-F5F2-4107-9A81-293046112E24}.Release|Any CPU.Build.0 = Release|Any CPU
		{BFDFBF17-CA09-4169-B28C-ED9207EEC56A}.Debug|Any CPU.ActiveCfg = Debug|Any CPU
		{BFDFBF17-CA09-4169-B28C-ED9207EEC56A}.Debug|Any CPU.Build.0 = Debug|Any CPU
		{BFDFBF17-CA09-4169-B28C-ED9207EEC56A}.Release|Any CPU.ActiveCfg = Release|Any CPU
		{BFDFBF17-CA09-4169-B28C-ED9207EEC56A}.Release|Any CPU.Build.0 = Release|Any CPU
		{164B6136-12AF-4791-8929-89B24512A935}.Debug|Any CPU.ActiveCfg = Debug|Any CPU
		{164B6136-12AF-4791-8929-89B24512A935}.Debug|Any CPU.Build.0 = Debug|Any CPU
		{164B6136-12AF-4791-8929-89B24512A935}.Release|Any CPU.ActiveCfg = Release|Any CPU
		{164B6136-12AF-4791-8929-89B24512A935}.Release|Any CPU.Build.0 = Release|Any CPU
		{F5487301-E4FC-4D16-B1FE-D79AEDE3BFBB}.Debug|Any CPU.ActiveCfg = Debug|Any CPU
		{F5487301-E4FC-4D16-B1FE-D79AEDE3BFBB}.Debug|Any CPU.Build.0 = Debug|Any CPU
		{F5487301-E4FC-4D16-B1FE-D79AEDE3BFBB}.Release|Any CPU.ActiveCfg = Release|Any CPU
		{F5487301-E4FC-4D16-B1FE-D79AEDE3BFBB}.Release|Any CPU.Build.0 = Release|Any CPU
	EndGlobalSection
	GlobalSection(SolutionProperties) = preSolution
		HideSolutionNode = FALSE
	EndGlobalSection
	GlobalSection(NestedProjects) = preSolution
		{8B7790DC-9475-4106-A042-5FFE272F5BE2} = {74AFF487-6D17-493C-88B7-CB38A6108ECB}
		{B2E5BABC-D08B-4EE7-96A0-30C9790573C1} = {74AFF487-6D17-493C-88B7-CB38A6108ECB}
		{1222EA8C-DC3B-445D-8B06-F6ADDE46756E} = {74AFF487-6D17-493C-88B7-CB38A6108ECB}
		{886983EB-9F83-44FF-A694-E95F09C92AF5} = {74AFF487-6D17-493C-88B7-CB38A6108ECB}
		{1877302B-9673-47F9-B93D-A27B91AC007A} = {74AFF487-6D17-493C-88B7-CB38A6108ECB}
		{61F44F2B-8150-484C-89C0-63FAC4A69EA1} = {74AFF487-6D17-493C-88B7-CB38A6108ECB}
		{A9A8643E-5340-4DE8-825C-97A640C4C82A} = {74AFF487-6D17-493C-88B7-CB38A6108ECB}
		{ABC4120B-A30E-4734-9D90-B93115153975} = {74AFF487-6D17-493C-88B7-CB38A6108ECB}
		{A9219609-CE71-49BA-87A6-118009AD7FB9} = {74AFF487-6D17-493C-88B7-CB38A6108ECB}
		{E5BAE2C3-9511-42D2-B29F-76531D8F0BBB} = {74AFF487-6D17-493C-88B7-CB38A6108ECB}
		{C8133B67-DBDD-4813-AE09-522D5CF39A96} = {74AFF487-6D17-493C-88B7-CB38A6108ECB}
		{87377863-F690-470E-9491-ED64EF2446EC} = {87E682B6-7A13-4CFC-A979-952F8535E5E2}
		{787856BA-EF59-45BB-84ED-48019F87A2FF} = {87E682B6-7A13-4CFC-A979-952F8535E5E2}
		{C7C39729-2230-4616-9AF1-927F861BCAA5} = {87E682B6-7A13-4CFC-A979-952F8535E5E2}
		{918E491B-B17E-4013-9510-5AA8B7A2AC69} = {87E682B6-7A13-4CFC-A979-952F8535E5E2}
		{73CECD81-2BDC-40FC-B4C9-C7F4F6D2D9FE} = {87E682B6-7A13-4CFC-A979-952F8535E5E2}
		{DDB126A0-3DFF-4A27-8593-043A0ACC1A35} = {87E682B6-7A13-4CFC-A979-952F8535E5E2}
		{28F8C49C-21C6-443F-96C6-62DEB8ADA7B6} = {87E682B6-7A13-4CFC-A979-952F8535E5E2}
		{66380948-75E3-4E13-A5DD-7EED8B9E6FA9} = {87E682B6-7A13-4CFC-A979-952F8535E5E2}
		{181E040A-2270-4CFA-9E47-63D40278AA07} = {87E682B6-7A13-4CFC-A979-952F8535E5E2}
		{1CB1E256-18C7-4B37-BADA-F1A53EC3E090} = {7741D8BF-8DAC-4C02-BFC2-5833402B4F56}
		{5C06ACE3-5A14-41F5-839E-EA9A57F80055} = {7741D8BF-8DAC-4C02-BFC2-5833402B4F56}
		{49C03ADD-5DC8-4327-94C7-BEC01440464B} = {5FA85B01-910E-4508-BB37-08C22ED950A6}
		{D59E0FA2-E005-4DDF-9E4C-DBD46D08A2A3} = {5FA85B01-910E-4508-BB37-08C22ED950A6}
		{DF1E12A4-0D16-47F1-A9FF-5FBF82439886} = {5FA85B01-910E-4508-BB37-08C22ED950A6}
		{AF42F635-27FC-47AE-BFFE-DF39D708CA40} = {5FA85B01-910E-4508-BB37-08C22ED950A6}
		{F95E1151-0FF8-483F-8382-AAD2EF79181D} = {5FA85B01-910E-4508-BB37-08C22ED950A6}
		{8F0A984A-08CB-4864-895C-C19EA7D91DEA} = {5FA85B01-910E-4508-BB37-08C22ED950A6}
		{0073FFFF-37C1-4D67-BE3A-F86844741820} = {5FA85B01-910E-4508-BB37-08C22ED950A6}
		{2CDDDB28-F5F2-4107-9A81-293046112E24} = {5FA85B01-910E-4508-BB37-08C22ED950A6}
		{BFDFBF17-CA09-4169-B28C-ED9207EEC56A} = {86211FAA-263C-417D-8744-1734565F1C4C}
		{164B6136-12AF-4791-8929-89B24512A935} = {86211FAA-263C-417D-8744-1734565F1C4C}
		{F5487301-E4FC-4D16-B1FE-D79AEDE3BFBB} = {86211FAA-263C-417D-8744-1734565F1C4C}
	EndGlobalSection
	GlobalSection(ExtensibilityGlobals) = postSolution
		SolutionGuid = {50C862D9-062B-4DAD-A90D-1BE05B903C2E}
	EndGlobalSection
EndGlobal
